
Microsoft Visual Studio Solution File, Format Version 12.00
# Visual Studio Version 17
VisualStudioVersion = 17.9.34607.119
MinimumVisualStudioVersion = 10.0.40219.1
Project("{2150E333-8FDC-42A3-9474-1A3956D46DE8}") = "src", "src", "{12FBFD49-809A-400F-80CF-DF8F97356157}"
EndProject
Project("{2150E333-8FDC-42A3-9474-1A3956D46DE8}") = "tests", "tests", "{B7692516-7D8E-4B81-B1F1-F16A057FBEA3}"
EndProject
Project("{2150E333-8FDC-42A3-9474-1A3956D46DE8}") = "common", "common", "{5639ABB5-89F2-4929-B2CC-5EFB43D55370}"
	ProjectSection(SolutionItems) = preProject
		Readme.md = Readme.md
	EndProjectSection
EndProject
Project("{FAE04EC0-301F-11D3-BF4B-00C04F79EFBC}") = "OzonEdu.StockApi", "src\OzonEdu.StockApi\OzonEdu.StockApi.csproj", "{5009A68B-0D42-4D54-A9D8-7CBC98A32791}"
EndProject
Global
	GlobalSection(SolutionConfigurationPlatforms) = preSolution
		Debug|Any CPU = Debug|Any CPU
		Release|Any CPU = Release|Any CPU
	EndGlobalSection
	GlobalSection(ProjectConfigurationPlatforms) = postSolution
		{5009A68B-0D42-4D54-A9D8-7CBC98A32791}.Debug|Any CPU.ActiveCfg = Debug|Any CPU
		{5009A68B-0D42-4D54-A9D8-7CBC98A32791}.Debug|Any CPU.Build.0 = Debug|Any CPU
		{5009A68B-0D42-4D54-A9D8-7CBC98A32791}.Release|Any CPU.ActiveCfg = Release|Any CPU
		{5009A68B-0D42-4D54-A9D8-7CBC98A32791}.Release|Any CPU.Build.0 = Release|Any CPU
	EndGlobalSection
	GlobalSection(SolutionProperties) = preSolution
		HideSolutionNode = FALSE
	EndGlobalSection
	GlobalSection(NestedProjects) = preSolution
		{5009A68B-0D42-4D54-A9D8-7CBC98A32791} = {12FBFD49-809A-400F-80CF-DF8F97356157}
	EndGlobalSection
	GlobalSection(ExtensibilityGlobals) = postSolution
		SolutionGuid = {B70CBCE4-77A9-4BFF-9C32-FDDA45D39C43}
	EndGlobalSection
EndGlobal
