
Microsoft Visual Studio Solution File, Format Version 12.00
# Visual Studio Version 17
VisualStudioVersion = 17.9.34607.119
MinimumVisualStudioVersion = 10.0.40219.1
Project("{2150E333-8FDC-42A3-9474-1A3956D46DE8}") = "src", "src", "{12FBFD49-809A-400F-80CF-DF8F97356157}"
EndProject
Project("{2150E333-8FDC-42A3-9474-1A3956D46DE8}") = "tests", "tests", "{B7692516-7D8E-4B81-B1F1-F16A057FBEA3}"
EndProject
Project("{2150E333-8FDC-42A3-9474-1A3956D46DE8}") = "common", "common", "{5639ABB5-89F2-4929-B2CC-5EFB43D55370}"
	ProjectSection(SolutionItems) = preProject
		docker-compose.yml = docker-compose.yml
		Dockerfile = Dockerfile
		Readme.md = Readme.md
	EndProjectSection
EndProject
Project("{9A19103F-16F7-4668-BE54-9A1E7A4F7556}") = "OzonEdu.StockApi", "src\OzonEdu.StockApi\OzonEdu.StockApi.csproj", "{5009A68B-0D42-4D54-A9D8-7CBC98A32791}"
EndProject
Project("{9A19103F-16F7-4668-BE54-9A1E7A4F7556}") = "OzonEdu.StockApi.Grpc", "src\OzonEdu.StockApi.Grpc\OzonEdu.StockApi.Grpc.csproj", "{C42E2B01-F835-4161-AAC5-52C7E7C7E8CF}"
EndProject
Project("{9A19103F-16F7-4668-BE54-9A1E7A4F7556}") = "OzonEdu.StockApi.GrpcClient", "src\OzonEdu.StockApi.GrpcClient\OzonEdu.StockApi.GrpcClient.csproj", "{D640C691-6FD3-47E2-9F90-BBE975B2F2CC}"
EndProject
Project("{9A19103F-16F7-4668-BE54-9A1E7A4F7556}") = "OzonEdu.StockApi.Domain", "src\OzonEdu.StockApi.Domain\OzonEdu.StockApi.Domain.csproj", "{EE047A15-2C60-4BB5-B136-1C95A46662A1}"
EndProject
Project("{9A19103F-16F7-4668-BE54-9A1E7A4F7556}") = "OzonEdu.StockApi.Domain.Tests", "tests\OzonEdu.StockApi.Domain.Tests\OzonEdu.StockApi.Domain.Tests.csproj", "{8B67BC7B-3156-4878-84FF-68978BE0C94E}"
EndProject
Project("{FAE04EC0-301F-11D3-BF4B-00C04F79EFBC}") = "OzonEdu.StockApi.Infrastructure", "src\OzonEdu.StockApi.Infrastructure\OzonEdu.StockApi.Infrastructure.csproj", "{894ABD23-7D5D-453A-8301-8F9F38C31F85}"
EndProject
Global
	GlobalSection(SolutionConfigurationPlatforms) = preSolution
		Debug|Any CPU = Debug|Any CPU
		Release|Any CPU = Release|Any CPU
	EndGlobalSection
	GlobalSection(ProjectConfigurationPlatforms) = postSolution
		{5009A68B-0D42-4D54-A9D8-7CBC98A32791}.Debug|Any CPU.ActiveCfg = Debug|Any CPU
		{5009A68B-0D42-4D54-A9D8-7CBC98A32791}.Debug|Any CPU.Build.0 = Debug|Any CPU
		{5009A68B-0D42-4D54-A9D8-7CBC98A32791}.Release|Any CPU.ActiveCfg = Release|Any CPU
		{5009A68B-0D42-4D54-A9D8-7CBC98A32791}.Release|Any CPU.Build.0 = Release|Any CPU
		{C42E2B01-F835-4161-AAC5-52C7E7C7E8CF}.Debug|Any CPU.ActiveCfg = Debug|Any CPU
		{C42E2B01-F835-4161-AAC5-52C7E7C7E8CF}.Debug|Any CPU.Build.0 = Debug|Any CPU
		{C42E2B01-F835-4161-AAC5-52C7E7C7E8CF}.Release|Any CPU.ActiveCfg = Release|Any CPU
		{C42E2B01-F835-4161-AAC5-52C7E7C7E8CF}.Release|Any CPU.Build.0 = Release|Any CPU
		{D640C691-6FD3-47E2-9F90-BBE975B2F2CC}.Debug|Any CPU.ActiveCfg = Debug|Any CPU
		{D640C691-6FD3-47E2-9F90-BBE975B2F2CC}.Debug|Any CPU.Build.0 = Debug|Any CPU
		{D640C691-6FD3-47E2-9F90-BBE975B2F2CC}.Release|Any CPU.ActiveCfg = Release|Any CPU
		{D640C691-6FD3-47E2-9F90-BBE975B2F2CC}.Release|Any CPU.Build.0 = Release|Any CPU
		{EE047A15-2C60-4BB5-B136-1C95A46662A1}.Debug|Any CPU.ActiveCfg = Debug|Any CPU
		{EE047A15-2C60-4BB5-B136-1C95A46662A1}.Debug|Any CPU.Build.0 = Debug|Any CPU
		{EE047A15-2C60-4BB5-B136-1C95A46662A1}.Release|Any CPU.ActiveCfg = Release|Any CPU
		{EE047A15-2C60-4BB5-B136-1C95A46662A1}.Release|Any CPU.Build.0 = Release|Any CPU
		{8B67BC7B-3156-4878-84FF-68978BE0C94E}.Debug|Any CPU.ActiveCfg = Debug|Any CPU
		{8B67BC7B-3156-4878-84FF-68978BE0C94E}.Debug|Any CPU.Build.0 = Debug|Any CPU
		{8B67BC7B-3156-4878-84FF-68978BE0C94E}.Release|Any CPU.ActiveCfg = Release|Any CPU
		{8B67BC7B-3156-4878-84FF-68978BE0C94E}.Release|Any CPU.Build.0 = Release|Any CPU
		{894ABD23-7D5D-453A-8301-8F9F38C31F85}.Debug|Any CPU.ActiveCfg = Debug|Any CPU
		{894ABD23-7D5D-453A-8301-8F9F38C31F85}.Debug|Any CPU.Build.0 = Debug|Any CPU
		{894ABD23-7D5D-453A-8301-8F9F38C31F85}.Release|Any CPU.ActiveCfg = Release|Any CPU
		{894ABD23-7D5D-453A-8301-8F9F38C31F85}.Release|Any CPU.Build.0 = Release|Any CPU
	EndGlobalSection
	GlobalSection(SolutionProperties) = preSolution
		HideSolutionNode = FALSE
	EndGlobalSection
	GlobalSection(NestedProjects) = preSolution
		{5009A68B-0D42-4D54-A9D8-7CBC98A32791} = {12FBFD49-809A-400F-80CF-DF8F97356157}
		{C42E2B01-F835-4161-AAC5-52C7E7C7E8CF} = {12FBFD49-809A-400F-80CF-DF8F97356157}
		{D640C691-6FD3-47E2-9F90-BBE975B2F2CC} = {12FBFD49-809A-400F-80CF-DF8F97356157}
		{EE047A15-2C60-4BB5-B136-1C95A46662A1} = {12FBFD49-809A-400F-80CF-DF8F97356157}
		{8B67BC7B-3156-4878-84FF-68978BE0C94E} = {B7692516-7D8E-4B81-B1F1-F16A057FBEA3}
		{894ABD23-7D5D-453A-8301-8F9F38C31F85} = {12FBFD49-809A-400F-80CF-DF8F97356157}
	EndGlobalSection
	GlobalSection(ExtensibilityGlobals) = postSolution
		SolutionGuid = {B70CBCE4-77A9-4BFF-9C32-FDDA45D39C43}
	EndGlobalSection
EndGlobal
